// !$*UTF8*$!
{
	archiveVersion = 1;
	classes = {
	};
	objectVersion = 46;
	objects = {

/* Begin PBXBuildFile section */
		84D852261AC40DF30089E8AD /* AppDelegate.swift in Sources */ = {isa = PBXBuildFile; fileRef = 84D852251AC40DF30089E8AD /* AppDelegate.swift */; };
		84D852281AC40DF30089E8AD /* ViewController.swift in Sources */ = {isa = PBXBuildFile; fileRef = 84D852271AC40DF30089E8AD /* ViewController.swift */; };
		84D8522B1AC40DF30089E8AD /* Main.storyboard in Resources */ = {isa = PBXBuildFile; fileRef = 84D852291AC40DF30089E8AD /* Main.storyboard */; };
		84D8522D1AC40DF30089E8AD /* Images.xcassets in Resources */ = {isa = PBXBuildFile; fileRef = 84D8522C1AC40DF30089E8AD /* Images.xcassets */; };
		84D852301AC40DF30089E8AD /* LaunchScreen.xib in Resources */ = {isa = PBXBuildFile; fileRef = 84D8522E1AC40DF30089E8AD /* LaunchScreen.xib */; };
		84D8523C1AC40DF30089E8AD /* ImageFTests.swift in Sources */ = {isa = PBXBuildFile; fileRef = 84D8523B1AC40DF30089E8AD /* ImageFTests.swift */; };
		84D8524A1AC4D7C00089E8AD /* Search.swift in Sources */ = {isa = PBXBuildFile; fileRef = 84D852491AC4D7C00089E8AD /* Search.swift */; };
		84D852B01AC6B82D0089E8AD /* InterNetConnection.swift in Sources */ = {isa = PBXBuildFile; fileRef = 84D852AF1AC6B82D0089E8AD /* InterNetConnection.swift */; };
		84FF05A71AC73D9400DD3198 /* logo.png in Resources */ = {isa = PBXBuildFile; fileRef = 84FF05A61AC73D9400DD3198 /* logo.png */; };
/* End PBXBuildFile section */

/* Begin PBXContainerItemProxy section */
		84D852361AC40DF30089E8AD /* PBXContainerItemProxy */ = {
			isa = PBXContainerItemProxy;
			containerPortal = 84D852181AC40DF30089E8AD /* Project object */;
			proxyType = 1;
			remoteGlobalIDString = 84D8521F1AC40DF30089E8AD;
			remoteInfo = ImageF;
		};
/* End PBXContainerItemProxy section */

/* Begin PBXFileReference section */
		84D852201AC40DF30089E8AD /* ImageF.app */ = {isa = PBXFileReference; explicitFileType = wrapper.application; includeInIndex = 0; path = ImageF.app; sourceTree = BUILT_PRODUCTS_DIR; };
		84D852241AC40DF30089E8AD /* Info.plist */ = {isa = PBXFileReference; lastKnownFileType = text.plist.xml; path = Info.plist; sourceTree = "<group>"; };
		84D852251AC40DF30089E8AD /* AppDelegate.swift */ = {isa = PBXFileReference; lastKnownFileType = sourcecode.swift; path = AppDelegate.swift; sourceTree = "<group>"; };
		84D852271AC40DF30089E8AD /* ViewController.swift */ = {isa = PBXFileReference; lastKnownFileType = sourcecode.swift; path = ViewController.swift; sourceTree = "<group>"; };
		84D8522A1AC40DF30089E8AD /* Base */ = {isa = PBXFileReference; lastKnownFileType = file.storyboard; name = Base; path = Base.lproj/Main.storyboard; sourceTree = "<group>"; };
		84D8522C1AC40DF30089E8AD /* Images.xcassets */ = {isa = PBXFileReference; lastKnownFileType = folder.assetcatalog; path = Images.xcassets; sourceTree = "<group>"; };
		84D8522F1AC40DF30089E8AD /* Base */ = {isa = PBXFileReference; lastKnownFileType = file.xib; name = Base; path = Base.lproj/LaunchScreen.xib; sourceTree = "<group>"; };
		84D852351AC40DF30089E8AD /* ImageFTests.xctest */ = {isa = PBXFileReference; explicitFileType = wrapper.cfbundle; includeInIndex = 0; path = ImageFTests.xctest; sourceTree = BUILT_PRODUCTS_DIR; };
		84D8523A1AC40DF30089E8AD /* Info.plist */ = {isa = PBXFileReference; lastKnownFileType = text.plist.xml; path = Info.plist; sourceTree = "<group>"; };
		84D8523B1AC40DF30089E8AD /* ImageFTests.swift */ = {isa = PBXFileReference; lastKnownFileType = sourcecode.swift; path = ImageFTests.swift; sourceTree = "<group>"; };
		84D852491AC4D7C00089E8AD /* Search.swift */ = {isa = PBXFileReference; fileEncoding = 4; lastKnownFileType = sourcecode.swift; path = Search.swift; sourceTree = "<group>"; };
		84D852AF1AC6B82D0089E8AD /* InterNetConnection.swift */ = {isa = PBXFileReference; fileEncoding = 4; lastKnownFileType = sourcecode.swift; path = InterNetConnection.swift; sourceTree = "<group>"; };
		84FF05A61AC73D9400DD3198 /* logo.png */ = {isa = PBXFileReference; lastKnownFileType = image.png; name = logo.png; path = res/images/logo.png; sourceTree = "<group>"; };
/* End PBXFileReference section */

/* Begin PBXFrameworksBuildPhase section */
		84D8521D1AC40DF30089E8AD /* Frameworks */ = {
			isa = PBXFrameworksBuildPhase;
			buildActionMask = 2147483647;
			files = (
			);
			runOnlyForDeploymentPostprocessing = 0;
		};
		84D852321AC40DF30089E8AD /* Frameworks */ = {
			isa = PBXFrameworksBuildPhase;
			buildActionMask = 2147483647;
			files = (
			);
			runOnlyForDeploymentPostprocessing = 0;
		};
/* End PBXFrameworksBuildPhase section */

/* Begin PBXGroup section */
		84D852171AC40DF30089E8AD = {
			isa = PBXGroup;
			children = (
				84D852221AC40DF30089E8AD /* ImageF */,
				84D852381AC40DF30089E8AD /* ImageFTests */,
				84D852211AC40DF30089E8AD /* Products */,
			);
			sourceTree = "<group>";
		};
		84D852211AC40DF30089E8AD /* Products */ = {
			isa = PBXGroup;
			children = (
				84D852201AC40DF30089E8AD /* ImageF.app */,
				84D852351AC40DF30089E8AD /* ImageFTests.xctest */,
			);
			name = Products;
			sourceTree = "<group>";
		};
		84D852221AC40DF30089E8AD /* ImageF */ = {
			isa = PBXGroup;
			children = (
				84D852251AC40DF30089E8AD /* AppDelegate.swift */,
				84D852291AC40DF30089E8AD /* Main.storyboard */,
				84D852B11AC6B8400089E8AD /* Controllers */,
				84D8522C1AC40DF30089E8AD /* Images.xcassets */,
				84D8522E1AC40DF30089E8AD /* LaunchScreen.xib */,
				84D852B51AC721E70089E8AD /* Resources */,
				84D852231AC40DF30089E8AD /* Supporting Files */,
			);
			path = ImageF;
			sourceTree = "<group>";
		};
		84D852231AC40DF30089E8AD /* Supporting Files */ = {
			isa = PBXGroup;
			children = (
				84D852241AC40DF30089E8AD /* Info.plist */,
			);
			name = "Supporting Files";
			sourceTree = "<group>";
		};
		84D852381AC40DF30089E8AD /* ImageFTests */ = {
			isa = PBXGroup;
			children = (
				84D8523B1AC40DF30089E8AD /* ImageFTests.swift */,
				84D852391AC40DF30089E8AD /* Supporting Files */,
			);
			path = ImageFTests;
			sourceTree = "<group>";
		};
		84D852391AC40DF30089E8AD /* Supporting Files */ = {
			isa = PBXGroup;
			children = (
				84D8523A1AC40DF30089E8AD /* Info.plist */,
			);
			name = "Supporting Files";
			sourceTree = "<group>";
		};
		84D852B11AC6B8400089E8AD /* Controllers */ = {
			isa = PBXGroup;
			children = (
				84D852B21AC6B8760089E8AD /* ViewControllers */,
				84D852B31AC6B8870089E8AD /* Net */,
			);
			name = Controllers;
			sourceTree = "<group>";
		};
		84D852B21AC6B8760089E8AD /* ViewControllers */ = {
			isa = PBXGroup;
			children = (
				84D852271AC40DF30089E8AD /* ViewController.swift */,
			);
			name = ViewControllers;
			sourceTree = "<group>";
		};
		84D852B31AC6B8870089E8AD /* Net */ = {
			isa = PBXGroup;
			children = (
				84D852491AC4D7C00089E8AD /* Search.swift */,
				84D852AF1AC6B82D0089E8AD /* InterNetConnection.swift */,
			);
			name = Net;
			sourceTree = "<group>";
		};
		84D852B41AC721670089E8AD /* images */ = {
			isa = PBXGroup;
			children = (
				84FF05A61AC73D9400DD3198 /* logo.png */,
			);
			name = images;
			sourceTree = "<group>";
		};
		84D852B51AC721E70089E8AD /* Resources */ = {
			isa = PBXGroup;
			children = (
				84D852B41AC721670089E8AD /* images */,
			);
			name = Resources;
			sourceTree = "<group>";
		};
/* End PBXGroup section */

/* Begin PBXNativeTarget section */
		84D8521F1AC40DF30089E8AD /* ImageF */ = {
			isa = PBXNativeTarget;
			buildConfigurationList = 84D8523F1AC40DF30089E8AD /* Build configuration list for PBXNativeTarget "ImageF" */;
			buildPhases = (
				84D8521C1AC40DF30089E8AD /* Sources */,
				84D8521D1AC40DF30089E8AD /* Frameworks */,
				84D8521E1AC40DF30089E8AD /* Resources */,
			);
			buildRules = (
			);
			dependencies = (
			);
			name = ImageF;
			productName = ImageF;
			productReference = 84D852201AC40DF30089E8AD /* ImageF.app */;
			productType = "com.apple.product-type.application";
		};
		84D852341AC40DF30089E8AD /* ImageFTests */ = {
			isa = PBXNativeTarget;
			buildConfigurationList = 84D852421AC40DF30089E8AD /* Build configuration list for PBXNativeTarget "ImageFTests" */;
			buildPhases = (
				84D852311AC40DF30089E8AD /* Sources */,
				84D852321AC40DF30089E8AD /* Frameworks */,
				84D852331AC40DF30089E8AD /* Resources */,
			);
			buildRules = (
			);
			dependencies = (
				84D852371AC40DF30089E8AD /* PBXTargetDependency */,
			);
			name = ImageFTests;
			productName = ImageFTests;
			productReference = 84D852351AC40DF30089E8AD /* ImageFTests.xctest */;
			productType = "com.apple.product-type.bundle.unit-test";
		};
/* End PBXNativeTarget section */

/* Begin PBXProject section */
		84D852181AC40DF30089E8AD /* Project object */ = {
			isa = PBXProject;
			attributes = {
				LastUpgradeCheck = 0620;
				ORGANIZATIONNAME = Home;
				TargetAttributes = {
					84D8521F1AC40DF30089E8AD = {
						CreatedOnToolsVersion = 6.2;
					};
					84D852341AC40DF30089E8AD = {
						CreatedOnToolsVersion = 6.2;
						TestTargetID = 84D8521F1AC40DF30089E8AD;
					};
				};
			};
			buildConfigurationList = 84D8521B1AC40DF30089E8AD /* Build configuration list for PBXProject "ImageF" */;
			compatibilityVersion = "Xcode 3.2";
			developmentRegion = English;
			hasScannedForEncodings = 0;
			knownRegions = (
				en,
				Base,
			);
			mainGroup = 84D852171AC40DF30089E8AD;
			productRefGroup = 84D852211AC40DF30089E8AD /* Products */;
			projectDirPath = "";
			projectRoot = "";
			targets = (
				84D8521F1AC40DF30089E8AD /* ImageF */,
				84D852341AC40DF30089E8AD /* ImageFTests */,
			);
		};
/* End PBXProject section */

/* Begin PBXResourcesBuildPhase section */
		84D8521E1AC40DF30089E8AD /* Resources */ = {
			isa = PBXResourcesBuildPhase;
			buildActionMask = 2147483647;
			files = (
				84FF05A71AC73D9400DD3198 /* logo.png in Resources */,
				84D8522B1AC40DF30089E8AD /* Main.storyboard in Resources */,
				84D852301AC40DF30089E8AD /* LaunchScreen.xib in Resources */,
				84D8522D1AC40DF30089E8AD /* Images.xcassets in Resources */,
			);
			runOnlyForDeploymentPostprocessing = 0;
		};
		84D852331AC40DF30089E8AD /* Resources */ = {
			isa = PBXResourcesBuildPhase;
			buildActionMask = 2147483647;
			files = (
			);
			runOnlyForDeploymentPostprocessing = 0;
		};
/* End PBXResourcesBuildPhase section */

/* Begin PBXSourcesBuildPhase section */
		84D8521C1AC40DF30089E8AD /* Sources */ = {
			isa = PBXSourcesBuildPhase;
			buildActionMask = 2147483647;
			files = (
				84D852281AC40DF30089E8AD /* ViewController.swift in Sources */,
				84D852B01AC6B82D0089E8AD /* InterNetConnection.swift in Sources */,
				84D8524A1AC4D7C00089E8AD /* Search.swift in Sources */,
				84D852261AC40DF30089E8AD /* AppDelegate.swift in Sources */,
			);
			runOnlyForDeploymentPostprocessing = 0;
		};
		84D852311AC40DF30089E8AD /* Sources */ = {
			isa = PBXSourcesBuildPhase;
			buildActionMask = 2147483647;
			files = (
				84D8523C1AC40DF30089E8AD /* ImageFTests.swift in Sources */,
			);
			runOnlyForDeploymentPostprocessing = 0;
		};
/* End PBXSourcesBuildPhase section */

/* Begin PBXTargetDependency section */
		84D852371AC40DF30089E8AD /* PBXTargetDependency */ = {
			isa = PBXTargetDependency;
			target = 84D8521F1AC40DF30089E8AD /* ImageF */;
			targetProxy = 84D852361AC40DF30089E8AD /* PBXContainerItemProxy */;
		};
/* End PBXTargetDependency section */

/* Begin PBXVariantGroup section */
		84D852291AC40DF30089E8AD /* Main.storyboard */ = {
			isa = PBXVariantGroup;
			children = (
				84D8522A1AC40DF30089E8AD /* Base */,
			);
			name = Main.storyboard;
			sourceTree = "<group>";
		};
		84D8522E1AC40DF30089E8AD /* LaunchScreen.xib */ = {
			isa = PBXVariantGroup;
			children = (
				84D8522F1AC40DF30089E8AD /* Base */,
			);
			name = LaunchScreen.xib;
			sourceTree = "<group>";
		};
/* End PBXVariantGroup section */

/* Begin XCBuildConfiguration section */
		84D8523D1AC40DF30089E8AD /* Debug */ = {
			isa = XCBuildConfiguration;
			buildSettings = {
				ALWAYS_SEARCH_USER_PATHS = NO;
				CLANG_CXX_LANGUAGE_STANDARD = "gnu++0x";
				CLANG_CXX_LIBRARY = "libc++";
				CLANG_ENABLE_MODULES = YES;
				CLANG_ENABLE_OBJC_ARC = YES;
				CLANG_WARN_BOOL_CONVERSION = YES;
				CLANG_WARN_CONSTANT_CONVERSION = YES;
				CLANG_WARN_DIRECT_OBJC_ISA_USAGE = YES_ERROR;
				CLANG_WARN_EMPTY_BODY = YES;
				CLANG_WARN_ENUM_CONVERSION = YES;
				CLANG_WARN_INT_CONVERSION = YES;
				CLANG_WARN_OBJC_ROOT_CLASS = YES_ERROR;
				CLANG_WARN_UNREACHABLE_CODE = YES;
				CLANG_WARN__DUPLICATE_METHOD_MATCH = YES;
				CODE_SIGN_IDENTITY = "-";
				"CODE_SIGN_IDENTITY[sdk=iphoneos*]" = "-";
				COPY_PHASE_STRIP = NO;
				ENABLE_STRICT_OBJC_MSGSEND = YES;
				GCC_C_LANGUAGE_STANDARD = gnu99;
				GCC_DYNAMIC_NO_PIC = NO;
				GCC_OPTIMIZATION_LEVEL = 0;
				GCC_PREPROCESSOR_DEFINITIONS = (
					"DEBUG=1",
					"$(inherited)",
				);
				GCC_SYMBOLS_PRIVATE_EXTERN = NO;
				GCC_WARN_64_TO_32_BIT_CONVERSION = YES;
				GCC_WARN_ABOUT_RETURN_TYPE = YES_ERROR;
				GCC_WARN_UNDECLARED_SELECTOR = YES;
				GCC_WARN_UNINITIALIZED_AUTOS = YES_AGGRESSIVE;
				GCC_WARN_UNUSED_FUNCTION = YES;
				GCC_WARN_UNUSED_VARIABLE = YES;
				IPHONEOS_DEPLOYMENT_TARGET = 8.2;
				MTL_ENABLE_DEBUG_INFO = YES;
				ONLY_ACTIVE_ARCH = YES;
				SDKROOT = iphoneos;
				SWIFT_OPTIMIZATION_LEVEL = "-Onone";
				TARGETED_DEVICE_FAMILY = "1,2";
			};
			name = Debug;
		};
		84D8523E1AC40DF30089E8AD /* Release */ = {
			isa = XCBuildConfiguration;
			buildSettings = {
				ALWAYS_SEARCH_USER_PATHS = NO;
				CLANG_CXX_LANGUAGE_STANDARD = "gnu++0x";
				CLANG_CXX_LIBRARY = "libc++";
				CLANG_ENABLE_MODULES = YES;
				CLANG_ENABLE_OBJC_ARC = YES;
				CLANG_WARN_BOOL_CONVERSION = YES;
				CLANG_WARN_CONSTANT_CONVERSION = YES;
				CLANG_WARN_DIRECT_OBJC_ISA_USAGE = YES_ERROR;
				CLANG_WARN_EMPTY_BODY = YES;
				CLANG_WARN_ENUM_CONVERSION = YES;
				CLANG_WARN_INT_CONVERSION = YES;
				CLANG_WARN_OBJC_ROOT_CLASS = YES_ERROR;
				CLANG_WARN_UNREACHABLE_CODE = YES;
				CLANG_WARN__DUPLICATE_METHOD_MATCH = YES;
				CODE_SIGN_IDENTITY = "-";
				"CODE_SIGN_IDENTITY[sdk=iphoneos*]" = "-";
				COPY_PHASE_STRIP = NO;
				ENABLE_NS_ASSERTIONS = NO;
				ENABLE_STRICT_OBJC_MSGSEND = YES;
				GCC_C_LANGUAGE_STANDARD = gnu99;
				GCC_WARN_64_TO_32_BIT_CONVERSION = YES;
				GCC_WARN_ABOUT_RETURN_TYPE = YES_ERROR;
				GCC_WARN_UNDECLARED_SELECTOR = YES;
				GCC_WARN_UNINITIALIZED_AUTOS = YES_AGGRESSIVE;
				GCC_WARN_UNUSED_FUNCTION = YES;
				GCC_WARN_UNUSED_VARIABLE = YES;
				IPHONEOS_DEPLOYMENT_TARGET = 8.2;
				MTL_ENABLE_DEBUG_INFO = NO;
				SDKROOT = iphoneos;
				TARGETED_DEVICE_FAMILY = "1,2";
				VALIDATE_PRODUCT = YES;
			};
			name = Release;
		};
		84D852401AC40DF30089E8AD /* Debug */ = {
			isa = XCBuildConfiguration;
			buildSettings = {
				ASSETCATALOG_COMPILER_APPICON_NAME = "AppIcon-1";
				ASSETCATALOG_COMPILER_LAUNCHIMAGE_NAME = LaunchImage;
				CODE_SIGN_IDENTITY = "-";
				INFOPLIST_FILE = ImageF/Info.plist;
				IPHONEOS_DEPLOYMENT_TARGET = 7.0;
				LD_RUNPATH_SEARCH_PATHS = "$(inherited) @executable_path/Frameworks";
				PRODUCT_NAME = "$(TARGET_NAME)";
			};
			name = Debug;
		};
		84D852411AC40DF30089E8AD /* Release */ = {
			isa = XCBuildConfiguration;
			buildSettings = {
				ASSETCATALOG_COMPILER_APPICON_NAME = "AppIcon-1";
				ASSETCATALOG_COMPILER_LAUNCHIMAGE_NAME = LaunchImage;
				CODE_SIGN_IDENTITY = "-";
				INFOPLIST_FILE = ImageF/Info.plist;
				IPHONEOS_DEPLOYMENT_TARGET = 7.0;
				LD_RUNPATH_SEARCH_PATHS = "$(inherited) @executable_path/Frameworks";
				PRODUCT_NAME = "$(TARGET_NAME)";
			};
			name = Release;
		};
		84D852431AC40DF30089E8AD /* Debug */ = {
			isa = XCBuildConfiguration;
			buildSettings = {
				BUNDLE_LOADER = "$(TEST_HOST)";
				FRAMEWORK_SEARCH_PATHS = (
					"$(SDKROOT)/Developer/Library/Frameworks",
					"$(inherited)",
				);
				GCC_PREPROCESSOR_DEFINITIONS = (
					"DEBUG=1",
					"$(inherited)",
				);
				INFOPLIST_FILE = ImageFTests/Info.plist;
				LD_RUNPATH_SEARCH_PATHS = "$(inherited) @executable_path/Frameworks @loader_path/Frameworks";
				PRODUCT_NAME = "$(TARGET_NAME)";
				TEST_HOST = "$(BUILT_PRODUCTS_DIR)/ImageF.app/ImageF";
			};
			name = Debug;
		};
		84D852441AC40DF30089E8AD /* Release */ = {
			isa = XCBuildConfiguration;
			buildSettings = {
				BUNDLE_LOADER = "$(TEST_HOST)";
				FRAMEWORK_SEARCH_PATHS = (
					"$(SDKROOT)/Developer/Library/Frameworks",
					"$(inherited)",
				);
				INFOPLIST_FILE = ImageFTests/Info.plist;
				LD_RUNPATH_SEARCH_PATHS = "$(inherited) @executable_path/Frameworks @loader_path/Frameworks";
				PRODUCT_NAME = "$(TARGET_NAME)";
				TEST_HOST = "$(BUILT_PRODUCTS_DIR)/ImageF.app/ImageF";
			};
			name = Release;
		};
/* End XCBuildConfiguration section */

/* Begin XCConfigurationList section */
		84D8521B1AC40DF30089E8AD /* Build configuration list for PBXProject "ImageF" */ = {
			isa = XCConfigurationList;
			buildConfigurations = (
				84D8523D1AC40DF30089E8AD /* Debug */,
				84D8523E1AC40DF30089E8AD /* Release */,
			);
			defaultConfigurationIsVisible = 0;
			defaultConfigurationName = Release;
		};
		84D8523F1AC40DF30089E8AD /* Build configuration list for PBXNativeTarget "ImageF" */ = {
			isa = XCConfigurationList;
			buildConfigurations = (
				84D852401AC40DF30089E8AD /* Debug */,
				84D852411AC40DF30089E8AD /* Release */,
			);
			defaultConfigurationIsVisible = 0;
			defaultConfigurationName = Release;
		};
		84D852421AC40DF30089E8AD /* Build configuration list for PBXNativeTarget "ImageFTests" */ = {
			isa = XCConfigurationList;
			buildConfigurations = (
				84D852431AC40DF30089E8AD /* Debug */,
				84D852441AC40DF30089E8AD /* Release */,
			);
			defaultConfigurationIsVisible = 0;
			defaultConfigurationName = Release;
		};
/* End XCConfigurationList section */
	};
	rootObject = 84D852181AC40DF30089E8AD /* Project object */;
}
